{
  "name": "es-samples",
  "version": "1.0.0",
  "lockfileVersion": 3,
  "requires": true,
  "packages": {
    "": {
      "name": "es-samples",
      "version": "1.0.0",
      "license": "MIT",
      "dependencies": {
        "@mdn/browser-compat-data": "^8.0.6",
        "web-features": "^3.32.0"
      }
    },
    "node_modules/@mdn/browser-compat-data": {
      "version": "8.0.6",
      "resolved": "https://registry.npmjs.org/@mdn/browser-compat-data/-/browser-compat-data-8.0.6.tgz",
      "integrity": "sha512-MSn1Xz9EQyV7A/6Rx8HFCxUFKbcU7VSfo9lcxzd32658YTy0U42NBf3CRiXiSBmTFVB8quj1FrhRfnXmf2JLOQ==",
      "license": "CC0-1.0"
    },
    "node_modules/web-features": {
      "version": "3.32.0",
      "resolved": "https://registry.npmjs.org/web-features/-/web-features-3.32.0.tgz",
      "integrity": "sha512-PQBbTofqV8FtMP65oT9tLPjbN4FSB2dRdNxLM0A9j4bNifVpFhEP/ATXSMMJAqPPWb/pgUOh6B+98yzfNEVbNw==",
      "license": "Apache-2.0"
    }
  }
}
